// !$*UTF8*$!
{
	archiveVersion = 1;
	classes = {
	};
	objectVersion = 46;
	objects = {

/* Begin PBXBuildFile section */
		86EAFB101D21742800509E38 /* AppDelegate.swift in Sources */ = {isa = PBXBuildFile; fileRef = 86EAFB0F1D21742800509E38 /* AppDelegate.swift */; };
		86EAFB121D21742800509E38 /* FaceViewController.swift in Sources */ = {isa = PBXBuildFile; fileRef = 86EAFB111D21742800509E38 /* FaceViewController.swift */; };
		86EAFB151D21742800509E38 /* Main.storyboard in Resources */ = {isa = PBXBuildFile; fileRef = 86EAFB131D21742800509E38 /* Main.storyboard */; };
		86EAFB171D21742800509E38 /* Assets.xcassets in Resources */ = {isa = PBXBuildFile; fileRef = 86EAFB161D21742800509E38 /* Assets.xcassets */; };
		86EAFB1A1D21742800509E38 /* LaunchScreen.storyboard in Resources */ = {isa = PBXBuildFile; fileRef = 86EAFB181D21742800509E38 /* LaunchScreen.storyboard */; };
		86EAFB251D21742800509E38 /* FaceItTests.swift in Sources */ = {isa = PBXBuildFile; fileRef = 86EAFB241D21742800509E38 /* FaceItTests.swift */; };
		86EAFB301D21742800509E38 /* FaceItUITests.swift in Sources */ = {isa = PBXBuildFile; fileRef = 86EAFB2F1D21742800509E38 /* FaceItUITests.swift */; };
		86EAFB3F1D21756600509E38 /* FaceView.swift in Sources */ = {isa = PBXBuildFile; fileRef = 86EAFB3E1D21756600509E38 /* FaceView.swift */; };
		86EAFB411D2189B300509E38 /* FacialExpression.swift in Sources */ = {isa = PBXBuildFile; fileRef = 86EAFB401D2189B300509E38 /* FacialExpression.swift */; };
/* End PBXBuildFile section */

/* Begin PBXContainerItemProxy section */
		86EAFB211D21742800509E38 /* PBXContainerItemProxy */ = {
			isa = PBXContainerItemProxy;
			containerPortal = 86EAFB041D21742800509E38 /* Project object */;
			proxyType = 1;
			remoteGlobalIDString = 86EAFB0B1D21742800509E38;
			remoteInfo = FaceIt;
		};
		86EAFB2C1D21742800509E38 /* PBXContainerItemProxy */ = {
			isa = PBXContainerItemProxy;
			containerPortal = 86EAFB041D21742800509E38 /* Project object */;
			proxyType = 1;
			remoteGlobalIDString = 86EAFB0B1D21742800509E38;
			remoteInfo = FaceIt;
		};
/* End PBXContainerItemProxy section */

/* Begin PBXFileReference section */
		86EAFB0C1D21742800509E38 /* FaceIt.app */ = {isa = PBXFileReference; explicitFileType = wrapper.application; includeInIndex = 0; path = FaceIt.app; sourceTree = BUILT_PRODUCTS_DIR; };
		86EAFB0F1D21742800509E38 /* AppDelegate.swift */ = {isa = PBXFileReference; lastKnownFileType = sourcecode.swift; path = AppDelegate.swift; sourceTree = "<group>"; };
		86EAFB111D21742800509E38 /* FaceViewController.swift */ = {isa = PBXFileReference; lastKnownFileType = sourcecode.swift; path = FaceViewController.swift; sourceTree = "<group>"; };
		86EAFB141D21742800509E38 /* Base */ = {isa = PBXFileReference; lastKnownFileType = file.storyboard; name = Base; path = Base.lproj/Main.storyboard; sourceTree = "<group>"; };
		86EAFB161D21742800509E38 /* Assets.xcassets */ = {isa = PBXFileReference; lastKnownFileType = folder.assetcatalog; path = Assets.xcassets; sourceTree = "<group>"; };
		86EAFB191D21742800509E38 /* Base */ = {isa = PBXFileReference; lastKnownFileType = file.storyboard; name = Base; path = Base.lproj/LaunchScreen.storyboard; sourceTree = "<group>"; };
		86EAFB1B1D21742800509E38 /* Info.plist */ = {isa = PBXFileReference; lastKnownFileType = text.plist.xml; path = Info.plist; sourceTree = "<group>"; };
		86EAFB201D21742800509E38 /* FaceItTests.xctest */ = {isa = PBXFileReference; explicitFileType = wrapper.cfbundle; includeInIndex = 0; path = FaceItTests.xctest; sourceTree = BUILT_PRODUCTS_DIR; };
		86EAFB241D21742800509E38 /* FaceItTests.swift */ = {isa = PBXFileReference; lastKnownFileType = sourcecode.swift; path = FaceItTests.swift; sourceTree = "<group>"; };
		86EAFB261D21742800509E38 /* Info.plist */ = {isa = PBXFileReference; lastKnownFileType = text.plist.xml; path = Info.plist; sourceTree = "<group>"; };
		86EAFB2B1D21742800509E38 /* FaceItUITests.xctest */ = {isa = PBXFileReference; explicitFileType = wrapper.cfbundle; includeInIndex = 0; path = FaceItUITests.xctest; sourceTree = BUILT_PRODUCTS_DIR; };
		86EAFB2F1D21742800509E38 /* FaceItUITests.swift */ = {isa = PBXFileReference; lastKnownFileType = sourcecode.swift; path = FaceItUITests.swift; sourceTree = "<group>"; };
		86EAFB311D21742800509E38 /* Info.plist */ = {isa = PBXFileReference; lastKnownFileType = text.plist.xml; path = Info.plist; sourceTree = "<group>"; };
		86EAFB3E1D21756600509E38 /* FaceView.swift */ = {isa = PBXFileReference; fileEncoding = 4; lastKnownFileType = sourcecode.swift; path = FaceView.swift; sourceTree = "<group>"; };
		86EAFB401D2189B300509E38 /* FacialExpression.swift */ = {isa = PBXFileReference; fileEncoding = 4; lastKnownFileType = sourcecode.swift; path = FacialExpression.swift; sourceTree = "<group>"; };
/* End PBXFileReference section */

/* Begin PBXFrameworksBuildPhase section */
		86EAFB091D21742800509E38 /* Frameworks */ = {
			isa = PBXFrameworksBuildPhase;
			buildActionMask = 2147483647;
			files = (
			);
			runOnlyForDeploymentPostprocessing = 0;
		};
		86EAFB1D1D21742800509E38 /* Frameworks */ = {
			isa = PBXFrameworksBuildPhase;
			buildActionMask = 2147483647;
			files = (
			);
			runOnlyForDeploymentPostprocessing = 0;
		};
		86EAFB281D21742800509E38 /* Frameworks */ = {
			isa = PBXFrameworksBuildPhase;
			buildActionMask = 2147483647;
			files = (
			);
			runOnlyForDeploymentPostprocessing = 0;
		};
/* End PBXFrameworksBuildPhase section */

/* Begin PBXGroup section */
		86EAFB031D21742800509E38 = {
			isa = PBXGroup;
			children = (
				86EAFB0E1D21742800509E38 /* FaceIt */,
				86EAFB231D21742800509E38 /* FaceItTests */,
				86EAFB2E1D21742800509E38 /* FaceItUITests */,
				86EAFB0D1D21742800509E38 /* Products */,
			);
			sourceTree = "<group>";
		};
		86EAFB0D1D21742800509E38 /* Products */ = {
			isa = PBXGroup;
			children = (
				86EAFB0C1D21742800509E38 /* FaceIt.app */,
				86EAFB201D21742800509E38 /* FaceItTests.xctest */,
				86EAFB2B1D21742800509E38 /* FaceItUITests.xctest */,
			);
			name = Products;
			sourceTree = "<group>";
		};
		86EAFB0E1D21742800509E38 /* FaceIt */ = {
			isa = PBXGroup;
			children = (
				86EAFB111D21742800509E38 /* FaceViewController.swift */,
				86EAFB401D2189B300509E38 /* FacialExpression.swift */,
				86EAFB131D21742800509E38 /* Main.storyboard */,
				86EAFB3E1D21756600509E38 /* FaceView.swift */,
				86EAFB3D1D21745300509E38 /* Supporting Files */,
			);
			path = FaceIt;
			sourceTree = "<group>";
		};
		86EAFB231D21742800509E38 /* FaceItTests */ = {
			isa = PBXGroup;
			children = (
				86EAFB241D21742800509E38 /* FaceItTests.swift */,
				86EAFB261D21742800509E38 /* Info.plist */,
			);
			path = FaceItTests;
			sourceTree = "<group>";
		};
		86EAFB2E1D21742800509E38 /* FaceItUITests */ = {
			isa = PBXGroup;
			children = (
				86EAFB2F1D21742800509E38 /* FaceItUITests.swift */,
				86EAFB311D21742800509E38 /* Info.plist */,
			);
			path = FaceItUITests;
			sourceTree = "<group>";
		};
		86EAFB3D1D21745300509E38 /* Supporting Files */ = {
			isa = PBXGroup;
			children = (
				86EAFB0F1D21742800509E38 /* AppDelegate.swift */,
				86EAFB161D21742800509E38 /* Assets.xcassets */,
				86EAFB181D21742800509E38 /* LaunchScreen.storyboard */,
				86EAFB1B1D21742800509E38 /* Info.plist */,
			);
			name = "Supporting Files";
			sourceTree = "<group>";
		};
/* End PBXGroup section */

/* Begin PBXNativeTarget section */
		86EAFB0B1D21742800509E38 /* FaceIt */ = {
			isa = PBXNativeTarget;
			buildConfigurationList = 86EAFB341D21742800509E38 /* Build configuration list for PBXNativeTarget "FaceIt" */;
			buildPhases = (
				86EAFB081D21742800509E38 /* Sources */,
				86EAFB091D21742800509E38 /* Frameworks */,
				86EAFB0A1D21742800509E38 /* Resources */,
			);
			buildRules = (
			);
			dependencies = (
			);
			name = FaceIt;
			productName = FaceIt;
			productReference = 86EAFB0C1D21742800509E38 /* FaceIt.app */;
			productType = "com.apple.product-type.application";
		};
		86EAFB1F1D21742800509E38 /* FaceItTests */ = {
			isa = PBXNativeTarget;
			buildConfigurationList = 86EAFB371D21742800509E38 /* Build configuration list for PBXNativeTarget "FaceItTests" */;
			buildPhases = (
				86EAFB1C1D21742800509E38 /* Sources */,
				86EAFB1D1D21742800509E38 /* Frameworks */,
				86EAFB1E1D21742800509E38 /* Resources */,
			);
			buildRules = (
			);
			dependencies = (
				86EAFB221D21742800509E38 /* PBXTargetDependency */,
			);
			name = FaceItTests;
			productName = FaceItTests;
			productReference = 86EAFB201D21742800509E38 /* FaceItTests.xctest */;
			productType = "com.apple.product-type.bundle.unit-test";
		};
		86EAFB2A1D21742800509E38 /* FaceItUITests */ = {
			isa = PBXNativeTarget;
			buildConfigurationList = 86EAFB3A1D21742800509E38 /* Build configuration list for PBXNativeTarget "FaceItUITests" */;
			buildPhases = (
				86EAFB271D21742800509E38 /* Sources */,
				86EAFB281D21742800509E38 /* Frameworks */,
				86EAFB291D21742800509E38 /* Resources */,
			);
			buildRules = (
			);
			dependencies = (
				86EAFB2D1D21742800509E38 /* PBXTargetDependency */,
			);
			name = FaceItUITests;
			productName = FaceItUITests;
			productReference = 86EAFB2B1D21742800509E38 /* FaceItUITests.xctest */;
			productType = "com.apple.product-type.bundle.ui-testing";
		};
/* End PBXNativeTarget section */

/* Begin PBXProject section */
		86EAFB041D21742800509E38 /* Project object */ = {
			isa = PBXProject;
			attributes = {
				LastSwiftUpdateCheck = 0730;
				LastUpgradeCheck = 0730;
				ORGANIZATIONNAME = "Theodora Skolnik";
				TargetAttributes = {
					86EAFB0B1D21742800509E38 = {
						CreatedOnToolsVersion = 7.3.1;
						DevelopmentTeam = B855NVY6AC;
					};
					86EAFB1F1D21742800509E38 = {
						CreatedOnToolsVersion = 7.3.1;
						DevelopmentTeam = B855NVY6AC;
						TestTargetID = 86EAFB0B1D21742800509E38;
					};
					86EAFB2A1D21742800509E38 = {
						CreatedOnToolsVersion = 7.3.1;
						DevelopmentTeam = B855NVY6AC;
						TestTargetID = 86EAFB0B1D21742800509E38;
					};
				};
			};
			buildConfigurationList = 86EAFB071D21742800509E38 /* Build configuration list for PBXProject "FaceIt" */;
			compatibilityVersion = "Xcode 3.2";
			developmentRegion = English;
			hasScannedForEncodings = 0;
			knownRegions = (
				en,
				Base,
			);
			mainGroup = 86EAFB031D21742800509E38;
			productRefGroup = 86EAFB0D1D21742800509E38 /* Products */;
			projectDirPath = "";
			projectRoot = "";
			targets = (
				86EAFB0B1D21742800509E38 /* FaceIt */,
				86EAFB1F1D21742800509E38 /* FaceItTests */,
				86EAFB2A1D21742800509E38 /* FaceItUITests */,
			);
		};
/* End PBXProject section */

/* Begin PBXResourcesBuildPhase section */
		86EAFB0A1D21742800509E38 /* Resources */ = {
			isa = PBXResourcesBuildPhase;
			buildActionMask = 2147483647;
			files = (
				86EAFB1A1D21742800509E38 /* LaunchScreen.storyboard in Resources */,
				86EAFB171D21742800509E38 /* Assets.xcassets in Resources */,
				86EAFB151D21742800509E38 /* Main.storyboard in Resources */,
			);
			runOnlyForDeploymentPostprocessing = 0;
		};
		86EAFB1E1D21742800509E38 /* Resources */ = {
			isa = PBXResourcesBuildPhase;
			buildActionMask = 2147483647;
			files = (
			);
			runOnlyForDeploymentPostprocessing = 0;
		};
		86EAFB291D21742800509E38 /* Resources */ = {
			isa = PBXResourcesBuildPhase;
			buildActionMask = 2147483647;
			files = (
			);
			runOnlyForDeploymentPostprocessing = 0;
		};
/* End PBXResourcesBuildPhase section */

/* Begin PBXSourcesBuildPhase section */
		86EAFB081D21742800509E38 /* Sources */ = {
			isa = PBXSourcesBuildPhase;
			buildActionMask = 2147483647;
			files = (
				86EAFB121D21742800509E38 /* FaceViewController.swift in Sources */,
				86EAFB411D2189B300509E38 /* FacialExpression.swift in Sources */,
				86EAFB101D21742800509E38 /* AppDelegate.swift in Sources */,
				86EAFB3F1D21756600509E38 /* FaceView.swift in Sources */,
			);
			runOnlyForDeploymentPostprocessing = 0;
		};
		86EAFB1C1D21742800509E38 /* Sources */ = {
			isa = PBXSourcesBuildPhase;
			buildActionMask = 2147483647;
			files = (
				86EAFB251D21742800509E38 /* FaceItTests.swift in Sources */,
			);
			runOnlyForDeploymentPostprocessing = 0;
		};
		86EAFB271D21742800509E38 /* Sources */ = {
			isa = PBXSourcesBuildPhase;
			buildActionMask = 2147483647;
			files = (
				86EAFB301D21742800509E38 /* FaceItUITests.swift in Sources */,
			);
			runOnlyForDeploymentPostprocessing = 0;
		};
/* End PBXSourcesBuildPhase section */

/* Begin PBXTargetDependency section */
		86EAFB221D21742800509E38 /* PBXTargetDependency */ = {
			isa = PBXTargetDependency;
			target = 86EAFB0B1D21742800509E38 /* FaceIt */;
			targetProxy = 86EAFB211D21742800509E38 /* PBXContainerItemProxy */;
		};
		86EAFB2D1D21742800509E38 /* PBXTargetDependency */ = {
			isa = PBXTargetDependency;
			target = 86EAFB0B1D21742800509E38 /* FaceIt */;
			targetProxy = 86EAFB2C1D21742800509E38 /* PBXContainerItemProxy */;
		};
/* End PBXTargetDependency section */

/* Begin PBXVariantGroup section */
		86EAFB131D21742800509E38 /* Main.storyboard */ = {
			isa = PBXVariantGroup;
			children = (
				86EAFB141D21742800509E38 /* Base */,
			);
			name = Main.storyboard;
			sourceTree = "<group>";
		};
		86EAFB181D21742800509E38 /* LaunchScreen.storyboard */ = {
			isa = PBXVariantGroup;
			children = (
				86EAFB191D21742800509E38 /* Base */,
			);
			name = LaunchScreen.storyboard;
			sourceTree = "<group>";
		};
/* End PBXVariantGroup section */

/* Begin XCBuildConfiguration section */
		86EAFB321D21742800509E38 /* Debug */ = {
			isa = XCBuildConfiguration;
			buildSettings = {
				ALWAYS_SEARCH_USER_PATHS = NO;
				CLANG_ANALYZER_NONNULL = YES;
				CLANG_CXX_LANGUAGE_STANDARD = "gnu++0x";
				CLANG_CXX_LIBRARY = "libc++";
				CLANG_ENABLE_MODULES = YES;
				CLANG_ENABLE_OBJC_ARC = YES;
				CLANG_WARN_BOOL_CONVERSION = YES;
				CLANG_WARN_CONSTANT_CONVERSION = YES;
				CLANG_WARN_DIRECT_OBJC_ISA_USAGE = YES_ERROR;
				CLANG_WARN_EMPTY_BODY = YES;
				CLANG_WARN_ENUM_CONVERSION = YES;
				CLANG_WARN_INT_CONVERSION = YES;
				CLANG_WARN_OBJC_ROOT_CLASS = YES_ERROR;
				CLANG_WARN_UNREACHABLE_CODE = YES;
				CLANG_WARN__DUPLICATE_METHOD_MATCH = YES;
				"CODE_SIGN_IDENTITY[sdk=iphoneos*]" = "iPhone Developer";
				COPY_PHASE_STRIP = NO;
				DEBUG_INFORMATION_FORMAT = dwarf;
				ENABLE_STRICT_OBJC_MSGSEND = YES;
				ENABLE_TESTABILITY = YES;
				GCC_C_LANGUAGE_STANDARD = gnu99;
				GCC_DYNAMIC_NO_PIC = NO;
				GCC_NO_COMMON_BLOCKS = YES;
				GCC_OPTIMIZATION_LEVEL = 0;
				GCC_PREPROCESSOR_DEFINITIONS = (
					"DEBUG=1",
					"$(inherited)",
				);
				GCC_WARN_64_TO_32_BIT_CONVERSION = YES;
				GCC_WARN_ABOUT_RETURN_TYPE = YES_ERROR;
				GCC_WARN_UNDECLARED_SELECTOR = YES;
				GCC_WARN_UNINITIALIZED_AUTOS = YES_AGGRESSIVE;
				GCC_WARN_UNUSED_FUNCTION = YES;
				GCC_WARN_UNUSED_VARIABLE = YES;
				IPHONEOS_DEPLOYMENT_TARGET = 9.3;
				MTL_ENABLE_DEBUG_INFO = YES;
				ONLY_ACTIVE_ARCH = YES;
				SDKROOT = iphoneos;
				SWIFT_OPTIMIZATION_LEVEL = "-Onone";
				TARGETED_DEVICE_FAMILY = "1,2";
			};
			name = Debug;
		};
		86EAFB331D21742800509E38 /* Release */ = {
			isa = XCBuildConfiguration;
			buildSettings = {
				ALWAYS_SEARCH_USER_PATHS = NO;
				CLANG_ANALYZER_NONNULL = YES;
				CLANG_CXX_LANGUAGE_STANDARD = "gnu++0x";
				CLANG_CXX_LIBRARY = "libc++";
				CLANG_ENABLE_MODULES = YES;
				CLANG_ENABLE_OBJC_ARC = YES;
				CLANG_WARN_BOOL_CONVERSION = YES;
				CLANG_WARN_CONSTANT_CONVERSION = YES;
				CLANG_WARN_DIRECT_OBJC_ISA_USAGE = YES_ERROR;
				CLANG_WARN_EMPTY_BODY = YES;
				CLANG_WARN_ENUM_CONVERSION = YES;
				CLANG_WARN_INT_CONVERSION = YES;
				CLANG_WARN_OBJC_ROOT_CLASS = YES_ERROR;
				CLANG_WARN_UNREACHABLE_CODE = YES;
				CLANG_WARN__DUPLICATE_METHOD_MATCH = YES;
				"CODE_SIGN_IDENTITY[sdk=iphoneos*]" = "iPhone Developer";
				COPY_PHASE_STRIP = NO;
				DEBUG_INFORMATION_FORMAT = "dwarf-with-dsym";
				ENABLE_NS_ASSERTIONS = NO;
				ENABLE_STRICT_OBJC_MSGSEND = YES;
				GCC_C_LANGUAGE_STANDARD = gnu99;
				GCC_NO_COMMON_BLOCKS = YES;
				GCC_WARN_64_TO_32_BIT_CONVERSION = YES;
				GCC_WARN_ABOUT_RETURN_TYPE = YES_ERROR;
				GCC_WARN_UNDECLARED_SELECTOR = YES;
				GCC_WARN_UNINITIALIZED_AUTOS = YES_AGGRESSIVE;
				GCC_WARN_UNUSED_FUNCTION = YES;
				GCC_WARN_UNUSED_VARIABLE = YES;
				IPHONEOS_DEPLOYMENT_TARGET = 9.3;
				MTL_ENABLE_DEBUG_INFO = NO;
				SDKROOT = iphoneos;
				TARGETED_DEVICE_FAMILY = "1,2";
				VALIDATE_PRODUCT = YES;
			};
			name = Release;
		};
		86EAFB351D21742800509E38 /* Debug */ = {
			isa = XCBuildConfiguration;
			buildSettings = {
				ASSETCATALOG_COMPILER_APPICON_NAME = AppIcon;
				INFOPLIST_FILE = FaceIt/Info.plist;
				LD_RUNPATH_SEARCH_PATHS = "$(inherited) @executable_path/Frameworks";
				PRODUCT_BUNDLE_IDENTIFIER = theoskolnik.FaceIt;
				PRODUCT_NAME = "$(TARGET_NAME)";
			};
			name = Debug;
		};
		86EAFB361D21742800509E38 /* Release */ = {
			isa = XCBuildConfiguration;
			buildSettings = {
				ASSETCATALOG_COMPILER_APPICON_NAME = AppIcon;
				INFOPLIST_FILE = FaceIt/Info.plist;
				LD_RUNPATH_SEARCH_PATHS = "$(inherited) @executable_path/Frameworks";
				PRODUCT_BUNDLE_IDENTIFIER = theoskolnik.FaceIt;
				PRODUCT_NAME = "$(TARGET_NAME)";
			};
			name = Release;
		};
		86EAFB381D21742800509E38 /* Debug */ = {
			isa = XCBuildConfiguration;
			buildSettings = {
				BUNDLE_LOADER = "$(TEST_HOST)";
				INFOPLIST_FILE = FaceItTests/Info.plist;
				LD_RUNPATH_SEARCH_PATHS = "$(inherited) @executable_path/Frameworks @loader_path/Frameworks";
				PRODUCT_BUNDLE_IDENTIFIER = theoskolnik.FaceItTests;
				PRODUCT_NAME = "$(TARGET_NAME)";
				TEST_HOST = "$(BUILT_PRODUCTS_DIR)/FaceIt.app/FaceIt";
			};
			name = Debug;
		};
		86EAFB391D21742800509E38 /* Release */ = {
			isa = XCBuildConfiguration;
			buildSettings = {
				BUNDLE_LOADER = "$(TEST_HOST)";
				INFOPLIST_FILE = FaceItTests/Info.plist;
				LD_RUNPATH_SEARCH_PATHS = "$(inherited) @executable_path/Frameworks @loader_path/Frameworks";
				PRODUCT_BUNDLE_IDENTIFIER = theoskolnik.FaceItTests;
				PRODUCT_NAME = "$(TARGET_NAME)";
				TEST_HOST = "$(BUILT_PRODUCTS_DIR)/FaceIt.app/FaceIt";
			};
			name = Release;
		};
		86EAFB3B1D21742800509E38 /* Debug */ = {
			isa = XCBuildConfiguration;
			buildSettings = {
				INFOPLIST_FILE = FaceItUITests/Info.plist;
				LD_RUNPATH_SEARCH_PATHS = "$(inherited) @executable_path/Frameworks @loader_path/Frameworks";
				PRODUCT_BUNDLE_IDENTIFIER = theoskolnik.FaceItUITests;
				PRODUCT_NAME = "$(TARGET_NAME)";
				TEST_TARGET_NAME = FaceIt;
			};
			name = Debug;
		};
		86EAFB3C1D21742800509E38 /* Release */ = {
			isa = XCBuildConfiguration;
			buildSettings = {
				INFOPLIST_FILE = FaceItUITests/Info.plist;
				LD_RUNPATH_SEARCH_PATHS = "$(inherited) @executable_path/Frameworks @loader_path/Frameworks";
				PRODUCT_BUNDLE_IDENTIFIER = theoskolnik.FaceItUITests;
				PRODUCT_NAME = "$(TARGET_NAME)";
				TEST_TARGET_NAME = FaceIt;
			};
			name = Release;
		};
/* End XCBuildConfiguration section */

/* Begin XCConfigurationList section */
		86EAFB071D21742800509E38 /* Build configuration list for PBXProject "FaceIt" */ = {
			isa = XCConfigurationList;
			buildConfigurations = (
				86EAFB321D21742800509E38 /* Debug */,
				86EAFB331D21742800509E38 /* Release */,
			);
			defaultConfigurationIsVisible = 0;
			defaultConfigurationName = Release;
		};
		86EAFB341D21742800509E38 /* Build configuration list for PBXNativeTarget "FaceIt" */ = {
			isa = XCConfigurationList;
			buildConfigurations = (
				86EAFB351D21742800509E38 /* Debug */,
				86EAFB361D21742800509E38 /* Release */,
			);
			defaultConfigurationIsVisible = 0;
		};
		86EAFB371D21742800509E38 /* Build configuration list for PBXNativeTarget "FaceItTests" */ = {
			isa = XCConfigurationList;
			buildConfigurations = (
				86EAFB381D21742800509E38 /* Debug */,
				86EAFB391D21742800509E38 /* Release */,
			);
			defaultConfigurationIsVisible = 0;
		};
		86EAFB3A1D21742800509E38 /* Build configuration list for PBXNativeTarget "FaceItUITests" */ = {
			isa = XCConfigurationList;
			buildConfigurations = (
				86EAFB3B1D21742800509E38 /* Debug */,
				86EAFB3C1D21742800509E38 /* Release */,
			);
			defaultConfigurationIsVisible = 0;
		};
/* End XCConfigurationList section */
	};
	rootObject = 86EAFB041D21742800509E38 /* Project object */;
}
